// !$*UTF8*$!
{
	archiveVersion = 1;
	classes = {
	};
	objectVersion = 50;
	objects = {

/* Begin PBXBuildFile section */
		203E7C3825E830D600A25E93 /* AppDelegate.swift in Sources */ = {isa = PBXBuildFile; fileRef = 203E7C3725E830D600A25E93 /* AppDelegate.swift */; };
		203E7C3C25E830D600A25E93 /* ViewController.swift in Sources */ = {isa = PBXBuildFile; fileRef = 203E7C3B25E830D600A25E93 /* ViewController.swift */; };
		203E7C3F25E830D600A25E93 /* Main.storyboard in Resources */ = {isa = PBXBuildFile; fileRef = 203E7C3D25E830D600A25E93 /* Main.storyboard */; };
		203E7C4125E830D800A25E93 /* Assets.xcassets in Resources */ = {isa = PBXBuildFile; fileRef = 203E7C4025E830D800A25E93 /* Assets.xcassets */; };
		203E7C4425E830D800A25E93 /* LaunchScreen.storyboard in Resources */ = {isa = PBXBuildFile; fileRef = 203E7C4225E830D800A25E93 /* LaunchScreen.storyboard */; };
		203E7C5325E8365800A25E93 /* NASAImageLibrary.framework in Frameworks */ = {isa = PBXBuildFile; fileRef = 203E7C5225E8365800A25E93 /* NASAImageLibrary.framework */; };
		203E7C5425E8365800A25E93 /* NASAImageLibrary.framework in Embed Frameworks */ = {isa = PBXBuildFile; fileRef = 203E7C5225E8365800A25E93 /* NASAImageLibrary.framework */; settings = {ATTRIBUTES = (CodeSignOnCopy, RemoveHeadersOnCopy, ); }; };
		203E7C5825E8366300A25E93 /* NASAImageLibrary.framework in Frameworks */ = {isa = PBXBuildFile; fileRef = 203E7C5725E8366300A25E93 /* NASAImageLibrary.framework */; };
		203E7C5C25E8BB2B00A25E93 /* CustomTableViewCell.swift in Sources */ = {isa = PBXBuildFile; fileRef = 203E7C5B25E8BB2B00A25E93 /* CustomTableViewCell.swift */; };
/* End PBXBuildFile section */

/* Begin PBXCopyFilesBuildPhase section */
		203E7C5525E8365800A25E93 /* Embed Frameworks */ = {
			isa = PBXCopyFilesBuildPhase;
			buildActionMask = 2147483647;
			dstPath = "";
			dstSubfolderSpec = 10;
			files = (
				203E7C5425E8365800A25E93 /* NASAImageLibrary.framework in Embed Frameworks */,
			);
			name = "Embed Frameworks";
			runOnlyForDeploymentPostprocessing = 0;
		};
/* End PBXCopyFilesBuildPhase section */

/* Begin PBXFileReference section */
		203E7C3425E830D600A25E93 /* TestNASAClient.app */ = {isa = PBXFileReference; explicitFileType = wrapper.application; includeInIndex = 0; path = TestNASAClient.app; sourceTree = BUILT_PRODUCTS_DIR; };
		203E7C3725E830D600A25E93 /* AppDelegate.swift */ = {isa = PBXFileReference; lastKnownFileType = sourcecode.swift; path = AppDelegate.swift; sourceTree = "<group>"; };
		203E7C3B25E830D600A25E93 /* ViewController.swift */ = {isa = PBXFileReference; lastKnownFileType = sourcecode.swift; path = ViewController.swift; sourceTree = "<group>"; };
		203E7C3E25E830D600A25E93 /* Base */ = {isa = PBXFileReference; lastKnownFileType = file.storyboard; name = Base; path = Base.lproj/Main.storyboard; sourceTree = "<group>"; };
		203E7C4025E830D800A25E93 /* Assets.xcassets */ = {isa = PBXFileReference; lastKnownFileType = folder.assetcatalog; path = Assets.xcassets; sourceTree = "<group>"; };
		203E7C4325E830D800A25E93 /* Base */ = {isa = PBXFileReference; lastKnownFileType = file.storyboard; name = Base; path = Base.lproj/LaunchScreen.storyboard; sourceTree = "<group>"; };
		203E7C4525E830D800A25E93 /* Info.plist */ = {isa = PBXFileReference; lastKnownFileType = text.plist.xml; path = Info.plist; sourceTree = "<group>"; };
		203E7C4D25E8312900A25E93 /* NASAImageLibrary.framework */ = {isa = PBXFileReference; lastKnownFileType = wrapper.framework; name = NASAImageLibrary.framework; path = "../../../../Library/Developer/Xcode/DerivedData/NASAImageLibrary-hgpgtipnitvjgzghpjarzgviqfam/Build/Products/Debug-iphonesimulator/NASAImageLibrary.framework"; sourceTree = "<group>"; };
		203E7C5225E8365800A25E93 /* NASAImageLibrary.framework */ = {isa = PBXFileReference; lastKnownFileType = wrapper.framework; name = NASAImageLibrary.framework; path = frameworks/NASAImageLibrary.framework; sourceTree = "<group>"; };
		203E7C5725E8366300A25E93 /* NASAImageLibrary.framework */ = {isa = PBXFileReference; lastKnownFileType = wrapper.framework; path = NASAImageLibrary.framework; sourceTree = "<group>"; };
		203E7C5B25E8BB2B00A25E93 /* CustomTableViewCell.swift */ = {isa = PBXFileReference; lastKnownFileType = sourcecode.swift; path = CustomTableViewCell.swift; sourceTree = "<group>"; };
/* End PBXFileReference section */

/* Begin PBXFrameworksBuildPhase section */
		203E7C3125E830D600A25E93 /* Frameworks */ = {
			isa = PBXFrameworksBuildPhase;
			buildActionMask = 2147483647;
			files = (
				203E7C5325E8365800A25E93 /* NASAImageLibrary.framework in Frameworks */,
				203E7C5825E8366300A25E93 /* NASAImageLibrary.framework in Frameworks */,
			);
			runOnlyForDeploymentPostprocessing = 0;
		};
/* End PBXFrameworksBuildPhase section */

/* Begin PBXGroup section */
		203E7C2B25E830D600A25E93 = {
			isa = PBXGroup;
			children = (
				203E7C5625E8366300A25E93 /* frameworks */,
				203E7C3625E830D600A25E93 /* TestNASAClient */,
				203E7C3525E830D600A25E93 /* Products */,
				203E7C4C25E8312800A25E93 /* Frameworks */,
			);
			sourceTree = "<group>";
		};
		203E7C3525E830D600A25E93 /* Products */ = {
			isa = PBXGroup;
			children = (
				203E7C3425E830D600A25E93 /* TestNASAClient.app */,
			);
			name = Products;
			sourceTree = "<group>";
		};
		203E7C3625E830D600A25E93 /* TestNASAClient */ = {
			isa = PBXGroup;
			children = (
				203E7C3725E830D600A25E93 /* AppDelegate.swift */,
				203E7C3B25E830D600A25E93 /* ViewController.swift */,
				203E7C3D25E830D600A25E93 /* Main.storyboard */,
				203E7C5B25E8BB2B00A25E93 /* CustomTableViewCell.swift */,
				203E7C4025E830D800A25E93 /* Assets.xcassets */,
				203E7C4225E830D800A25E93 /* LaunchScreen.storyboard */,
				203E7C4525E830D800A25E93 /* Info.plist */,
			);
			path = TestNASAClient;
			sourceTree = "<group>";
		};
		203E7C4C25E8312800A25E93 /* Frameworks */ = {
			isa = PBXGroup;
			children = (
				203E7C5225E8365800A25E93 /* NASAImageLibrary.framework */,
				203E7C4D25E8312900A25E93 /* NASAImageLibrary.framework */,
			);
			name = Frameworks;
			sourceTree = "<group>";
		};
		203E7C5625E8366300A25E93 /* frameworks */ = {
			isa = PBXGroup;
			children = (
				203E7C5725E8366300A25E93 /* NASAImageLibrary.framework */,
			);
			path = frameworks;
			sourceTree = "<group>";
		};
/* End PBXGroup section */

/* Begin PBXNativeTarget section */
		203E7C3325E830D600A25E93 /* TestNASAClient */ = {
			isa = PBXNativeTarget;
			buildConfigurationList = 203E7C4825E830D800A25E93 /* Build configuration list for PBXNativeTarget "TestNASAClient" */;
			buildPhases = (
				203E7C3025E830D600A25E93 /* Sources */,
				203E7C3125E830D600A25E93 /* Frameworks */,
				203E7C3225E830D600A25E93 /* Resources */,
				203E7C5525E8365800A25E93 /* Embed Frameworks */,
			);
			buildRules = (
			);
			dependencies = (
			);
			name = TestNASAClient;
			productName = TestNASAClient;
			productReference = 203E7C3425E830D600A25E93 /* TestNASAClient.app */;
			productType = "com.apple.product-type.application";
		};
/* End PBXNativeTarget section */

/* Begin PBXProject section */
		203E7C2C25E830D600A25E93 /* Project object */ = {
			isa = PBXProject;
			attributes = {
				LastSwiftUpdateCheck = 1240;
				LastUpgradeCheck = 1240;
				TargetAttributes = {
					203E7C3325E830D600A25E93 = {
						CreatedOnToolsVersion = 12.4;
					};
				};
			};
			buildConfigurationList = 203E7C2F25E830D600A25E93 /* Build configuration list for PBXProject "TestNASAClient" */;
			compatibilityVersion = "Xcode 9.3";
			developmentRegion = en;
			hasScannedForEncodings = 0;
			knownRegions = (
				en,
				Base,
			);
			mainGroup = 203E7C2B25E830D600A25E93;
			productRefGroup = 203E7C3525E830D600A25E93 /* Products */;
			projectDirPath = "";
			projectRoot = "";
			targets = (
				203E7C3325E830D600A25E93 /* TestNASAClient */,
			);
		};
/* End PBXProject section */

/* Begin PBXResourcesBuildPhase section */
		203E7C3225E830D600A25E93 /* Resources */ = {
			isa = PBXResourcesBuildPhase;
			buildActionMask = 2147483647;
			files = (
				203E7C4425E830D800A25E93 /* LaunchScreen.storyboard in Resources */,
				203E7C4125E830D800A25E93 /* Assets.xcassets in Resources */,
				203E7C3F25E830D600A25E93 /* Main.storyboard in Resources */,
			);
			runOnlyForDeploymentPostprocessing = 0;
		};
/* End PBXResourcesBuildPhase section */

/* Begin PBXSourcesBuildPhase section */
		203E7C3025E830D600A25E93 /* Sources */ = {
			isa = PBXSourcesBuildPhase;
			buildActionMask = 2147483647;
			files = (
				203E7C5C25E8BB2B00A25E93 /* CustomTableViewCell.swift in Sources */,
				203E7C3C25E830D600A25E93 /* ViewController.swift in Sources */,
				203E7C3825E830D600A25E93 /* AppDelegate.swift in Sources */,
			);
			runOnlyForDeploymentPostprocessing = 0;
		};
/* End PBXSourcesBuildPhase section */

/* Begin PBXVariantGroup section */
		203E7C3D25E830D600A25E93 /* Main.storyboard */ = {
			isa = PBXVariantGroup;
			children = (
				203E7C3E25E830D600A25E93 /* Base */,
			);
			name = Main.storyboard;
			sourceTree = "<group>";
		};
		203E7C4225E830D800A25E93 /* LaunchScreen.storyboard */ = {
			isa = PBXVariantGroup;
			children = (
				203E7C4325E830D800A25E93 /* Base */,
			);
			name = LaunchScreen.storyboard;
			sourceTree = "<group>";
		};
/* End PBXVariantGroup section */

/* Begin XCBuildConfiguration section */
		203E7C4625E830D800A25E93 /* Debug */ = {
			isa = XCBuildConfiguration;
			buildSettings = {
				ALWAYS_SEARCH_USER_PATHS = NO;
				CLANG_ANALYZER_NONNULL = YES;
				CLANG_ANALYZER_NUMBER_OBJECT_CONVERSION = YES_AGGRESSIVE;
				CLANG_CXX_LANGUAGE_STANDARD = "gnu++14";
				CLANG_CXX_LIBRARY = "libc++";
				CLANG_ENABLE_MODULES = YES;
				CLANG_ENABLE_OBJC_ARC = YES;
				CLANG_ENABLE_OBJC_WEAK = YES;
				CLANG_WARN_BLOCK_CAPTURE_AUTORELEASING = YES;
				CLANG_WARN_BOOL_CONVERSION = YES;
				CLANG_WARN_COMMA = YES;
				CLANG_WARN_CONSTANT_CONVERSION = YES;
				CLANG_WARN_DEPRECATED_OBJC_IMPLEMENTATIONS = YES;
				CLANG_WARN_DIRECT_OBJC_ISA_USAGE = YES_ERROR;
				CLANG_WARN_DOCUMENTATION_COMMENTS = YES;
				CLANG_WARN_EMPTY_BODY = YES;
				CLANG_WARN_ENUM_CONVERSION = YES;
				CLANG_WARN_INFINITE_RECURSION = YES;
				CLANG_WARN_INT_CONVERSION = YES;
				CLANG_WARN_NON_LITERAL_NULL_CONVERSION = YES;
				CLANG_WARN_OBJC_IMPLICIT_RETAIN_SELF = YES;
				CLANG_WARN_OBJC_LITERAL_CONVERSION = YES;
				CLANG_WARN_OBJC_ROOT_CLASS = YES_ERROR;
				CLANG_WARN_QUOTED_INCLUDE_IN_FRAMEWORK_HEADER = YES;
				CLANG_WARN_RANGE_LOOP_ANALYSIS = YES;
				CLANG_WARN_STRICT_PROTOTYPES = YES;
				CLANG_WARN_SUSPICIOUS_MOVE = YES;
				CLANG_WARN_UNGUARDED_AVAILABILITY = YES_AGGRESSIVE;
				CLANG_WARN_UNREACHABLE_CODE = YES;
				CLANG_WARN__DUPLICATE_METHOD_MATCH = YES;
				COPY_PHASE_STRIP = NO;
				DEBUG_INFORMATION_FORMAT = dwarf;
				ENABLE_STRICT_OBJC_MSGSEND = YES;
				ENABLE_TESTABILITY = YES;
				GCC_C_LANGUAGE_STANDARD = gnu11;
				GCC_DYNAMIC_NO_PIC = NO;
				GCC_NO_COMMON_BLOCKS = YES;
				GCC_OPTIMIZATION_LEVEL = 0;
				GCC_PREPROCESSOR_DEFINITIONS = (
					"DEBUG=1",
					"$(inherited)",
				);
				GCC_WARN_64_TO_32_BIT_CONVERSION = YES;
				GCC_WARN_ABOUT_RETURN_TYPE = YES_ERROR;
				GCC_WARN_UNDECLARED_SELECTOR = YES;
				GCC_WARN_UNINITIALIZED_AUTOS = YES_AGGRESSIVE;
				GCC_WARN_UNUSED_FUNCTION = YES;
				GCC_WARN_UNUSED_VARIABLE = YES;
				IPHONEOS_DEPLOYMENT_TARGET = 14.4;
				MTL_ENABLE_DEBUG_INFO = INCLUDE_SOURCE;
				MTL_FAST_MATH = YES;
				ONLY_ACTIVE_ARCH = YES;
				SDKROOT = iphoneos;
				SWIFT_ACTIVE_COMPILATION_CONDITIONS = DEBUG;
				SWIFT_OPTIMIZATION_LEVEL = "-Onone";
			};
			name = Debug;
		};
		203E7C4725E830D800A25E93 /* Release */ = {
			isa = XCBuildConfiguration;
			buildSettings = {
				ALWAYS_SEARCH_USER_PATHS = NO;
				CLANG_ANALYZER_NONNULL = YES;
				CLANG_ANALYZER_NUMBER_OBJECT_CONVERSION = YES_AGGRESSIVE;
				CLANG_CXX_LANGUAGE_STANDARD = "gnu++14";
				CLANG_CXX_LIBRARY = "libc++";
				CLANG_ENABLE_MODULES = YES;
				CLANG_ENABLE_OBJC_ARC = YES;
				CLANG_ENABLE_OBJC_WEAK = YES;
				CLANG_WARN_BLOCK_CAPTURE_AUTORELEASING = YES;
				CLANG_WARN_BOOL_CONVERSION = YES;
				CLANG_WARN_COMMA = YES;
				CLANG_WARN_CONSTANT_CONVERSION = YES;
				CLANG_WARN_DEPRECATED_OBJC_IMPLEMENTATIONS = YES;
				CLANG_WARN_DIRECT_OBJC_ISA_USAGE = YES_ERROR;
				CLANG_WARN_DOCUMENTATION_COMMENTS = YES;
				CLANG_WARN_EMPTY_BODY = YES;
				CLANG_WARN_ENUM_CONVERSION = YES;
				CLANG_WARN_INFINITE_RECURSION = YES;
				CLANG_WARN_INT_CONVERSION = YES;
				CLANG_WARN_NON_LITERAL_NULL_CONVERSION = YES;
				CLANG_WARN_OBJC_IMPLICIT_RETAIN_SELF = YES;
				CLANG_WARN_OBJC_LITERAL_CONVERSION = YES;
				CLANG_WARN_OBJC_ROOT_CLASS = YES_ERROR;
				CLANG_WARN_QUOTED_INCLUDE_IN_FRAMEWORK_HEADER = YES;
				CLANG_WARN_RANGE_LOOP_ANALYSIS = YES;
				CLANG_WARN_STRICT_PROTOTYPES = YES;
				CLANG_WARN_SUSPICIOUS_MOVE = YES;
				CLANG_WARN_UNGUARDED_AVAILABILITY = YES_AGGRESSIVE;
				CLANG_WARN_UNREACHABLE_CODE = YES;
				CLANG_WARN__DUPLICATE_METHOD_MATCH = YES;
				COPY_PHASE_STRIP = NO;
				DEBUG_INFORMATION_FORMAT = "dwarf-with-dsym";
				ENABLE_NS_ASSERTIONS = NO;
				ENABLE_STRICT_OBJC_MSGSEND = YES;
				GCC_C_LANGUAGE_STANDARD = gnu11;
				GCC_NO_COMMON_BLOCKS = YES;
				GCC_WARN_64_TO_32_BIT_CONVERSION = YES;
				GCC_WARN_ABOUT_RETURN_TYPE = YES_ERROR;
				GCC_WARN_UNDECLARED_SELECTOR = YES;
				GCC_WARN_UNINITIALIZED_AUTOS = YES_AGGRESSIVE;
				GCC_WARN_UNUSED_FUNCTION = YES;
				GCC_WARN_UNUSED_VARIABLE = YES;
				IPHONEOS_DEPLOYMENT_TARGET = 14.4;
				MTL_ENABLE_DEBUG_INFO = NO;
				MTL_FAST_MATH = YES;
				SDKROOT = iphoneos;
				SWIFT_COMPILATION_MODE = wholemodule;
				SWIFT_OPTIMIZATION_LEVEL = "-O";
				VALIDATE_PRODUCT = YES;
			};
			name = Release;
		};
		203E7C4925E830D800A25E93 /* Debug */ = {
			isa = XCBuildConfiguration;
			buildSettings = {
				ASSETCATALOG_COMPILER_APPICON_NAME = AppIcon;
				ASSETCATALOG_COMPILER_GLOBAL_ACCENT_COLOR_NAME = AccentColor;
				CODE_SIGN_STYLE = Automatic;
				FRAMEWORK_SEARCH_PATHS = "$(PROJECT_DIR)/frameworks";
				INFOPLIST_FILE = TestNASAClient/Info.plist;
				LD_RUNPATH_SEARCH_PATHS = (
					"$(inherited)",
					"@executable_path/Frameworks",
				);
				PRODUCT_BUNDLE_IDENTIFIER = com.resh.hobbylobby.TestNASAClient;
				PRODUCT_NAME = "$(TARGET_NAME)";
				SWIFT_VERSION = 5.0;
				TARGETED_DEVICE_FAMILY = "1,2";
			};
			name = Debug;
		};
		203E7C4A25E830D800A25E93 /* Release */ = {
			isa = XCBuildConfiguration;
			buildSettings = {
				ASSETCATALOG_COMPILER_APPICON_NAME = AppIcon;
				ASSETCATALOG_COMPILER_GLOBAL_ACCENT_COLOR_NAME = AccentColor;
				CODE_SIGN_STYLE = Automatic;
				FRAMEWORK_SEARCH_PATHS = "$(PROJECT_DIR)/frameworks";
				INFOPLIST_FILE = TestNASAClient/Info.plist;
				LD_RUNPATH_SEARCH_PATHS = (
					"$(inherited)",
					"@executable_path/Frameworks",
				);
				PRODUCT_BUNDLE_IDENTIFIER = com.resh.hobbylobby.TestNASAClient;
				PRODUCT_NAME = "$(TARGET_NAME)";
				SWIFT_VERSION = 5.0;
				TARGETED_DEVICE_FAMILY = "1,2";
			};
			name = Release;
		};
/* End XCBuildConfiguration section */

/* Begin XCConfigurationList section */
		203E7C2F25E830D600A25E93 /* Build configuration list for PBXProject "TestNASAClient" */ = {
			isa = XCConfigurationList;
			buildConfigurations = (
				203E7C4625E830D800A25E93 /* Debug */,
				203E7C4725E830D800A25E93 /* Release */,
			);
			defaultConfigurationIsVisible = 0;
			defaultConfigurationName = Release;
		};
		203E7C4825E830D800A25E93 /* Build configuration list for PBXNativeTarget "TestNASAClient" */ = {
			isa = XCConfigurationList;
			buildConfigurations = (
				203E7C4925E830D800A25E93 /* Debug */,
				203E7C4A25E830D800A25E93 /* Release */,
			);
			defaultConfigurationIsVisible = 0;
			defaultConfigurationName = Release;
		};
/* End XCConfigurationList section */
	};
	rootObject = 203E7C2C25E830D600A25E93 /* Project object */;
}
